{
  "name": "dompack-carrousel-slideshow",
  "version": "0.0.1",
  "lockfileVersion": 1,
  "requires": true,
  "dependencies": {
    "dompack-carrousel": {
      "version": "git+https://github.com/WebHare/dompack-carrousel.git#db1239fbdddd29f34621996cca2f2a0d544beec9",
      "requires": {
        "dompack": "github:WebHare/dompack#d4210212938208a5d77d0a46525e937e8cb0f055"
      },
      "dependencies": {
        "dompack": {
          "version": "github:WebHare/dompack#d4210212938208a5d77d0a46525e937e8cb0f055"
        }
      }
    }
  }
}
