{
  "name": "@webhare/dompack-carrousel-slideshow",
  "version": "0.0.2",
  "lockfileVersion": 1,
  "requires": true,
  "dependencies": {
    "@webhare/dompack-carrousel": {
      "version": "0.1.0",
      "resolved": "https://registry.npmjs.org/@webhare/dompack-carrousel/-/dompack-carrousel-0.1.0.tgz",
      "integrity": "sha512-53hQD3TapJuzwS8I4lPb+ABbxVkDOQQ5Hhw75eLBlxE6p0Q2f2YQR0EwqLbj9K+Hps7GetYGMr1NI2MxpVQiZA=="
    }
  }
}
