{
  "name": "@webhare/dompack-carrousel-slideshow",
  "version": "0.0.1",
  "lockfileVersion": 1,
  "requires": true,
  "dependencies": {
    "@webhare/dompack-carrousel": {
      "version": "0.0.1",
      "resolved": "https://registry.npmjs.org/@webhare/dompack-carrousel/-/dompack-carrousel-0.0.1.tgz",
      "integrity": "sha512-P2WM1GvG1nx4EqFJm0KzY5HnuI2NUNGppE/vKsu6pXdxGt5geMmEoNPiWnMoBCSEDCtcaeOAPqw1k55Cr1nzbQ=="
    }
  }
}
